
Microsoft Visual Studio Solution File, Format Version 11.00
# Visual Studio 2010
Project("{FAE04EC0-301F-11D3-BF4B-00C04F79EFBC}") = "Servicio", "Servicio\Servicio.csproj", "{C9461591-3CF8-4968-8D5F-EDD8D50D6943}"
EndProject
Global
	GlobalSection(SolutionConfigurationPlatforms) = preSolution
		Debug|Any CPU = Debug|Any CPU
		Release|Any CPU = Release|Any CPU
	EndGlobalSection
	GlobalSection(ProjectConfigurationPlatforms) = postSolution
		{C9461591-3CF8-4968-8D5F-EDD8D50D6943}.Debug|Any CPU.ActiveCfg = Debug|Any CPU
		{C9461591-3CF8-4968-8D5F-EDD8D50D6943}.Debug|Any CPU.Build.0 = Debug|Any CPU
		{C9461591-3CF8-4968-8D5F-EDD8D50D6943}.Release|Any CPU.ActiveCfg = Release|Any CPU
		{C9461591-3CF8-4968-8D5F-EDD8D50D6943}.Release|Any CPU.Build.0 = Release|Any CPU
	EndGlobalSection
	GlobalSection(SolutionProperties) = preSolution
		HideSolutionNode = FALSE
	EndGlobalSection
EndGlobal
